{
  "version": 4,
  "terraform_version": "1.12.2",
  "serial": 34,
  "lineage": "cba16c95-2c77-721a-d84c-949db05eb8cf",
  "outputs": {},
  "resources": [
    {
      "mode": "data",
      "type": "template_file",
      "name": "network_config",
      "provider": "provider[\"registry.terraform.io/hashicorp/template\"]",
      "instances": [
        {
          "schema_version": 0,
          "attributes": {
            "filename": null,
            "id": "bcfb7206d4010e07ad6c96e98f4bc3a12b6b3cc1eb45e32b7da63bc0a848c529",
            "rendered": "version: 2\nethernets:\n  ens3:\n    dhcp4: true",
            "template": "version: 2\nethernets:\n  ens3:\n    dhcp4: true",
            "vars": null
          },
          "sensitive_attributes": [],
          "identity_schema_version": 0
        }
      ]
    },
    {
      "mode": "data",
      "type": "template_file",
      "name": "user_data",
      "provider": "provider[\"registry.terraform.io/hashicorp/template\"]",
      "instances": [
        {
          "schema_version": 0,
          "attributes": {
            "filename": null,
            "id": "34f48d5d1dc31788386567ad197f309f4f50fa4ae87f7560998969d6c9c157ba",
            "rendered": "#cloud-config\nhostname: crossland\nfqdn: cross.land\nusers:\n  - name: cross\n    sudo: ALL=(ALL) NOPASSWD:ALL\n    groups: users, admin\n    home: /home/cross\n    shell: /bin/bash\n    lock_passwd: false\n    ssh-authorized-keys:\n      - ssh-rsa AAAAB3NzaC1yc2EAAAADAQABAAACAQCysqqyHSVnKSoyqAI/HtLuaiE9Fcr8jmBJO+C9xinWfE7rOGdjTHjGntYVSZ12r9BaoTayKRS1aMisOdbLFDDU9D3+NZ+XvpLjWYhGJmwciKRetJcci/AzCIfPnDbF7nP38gytFzFtbnijn86eBtctPWM6+5Nar1C7GkqmIzToW02dAPlFjhPr9pV0XHUbfmLIap7f15M+1PsBszHd2mUaZuSS4sfML9WjxdzcG1CtuLaQ88UMK3+F5YATwrZWwgn4Qk0P+0HBljWeywjvc0ZkeLndxw67embK/nzDAUy+kHjBoiybaTC/zcGBJ9KlX5ui4zYo254ibLBMu/t0xf1GEZiWXs3fG6s1WHnviU+LIp24910fUXDnCnOzFJ2SRZA5PfVChFHTCB5+N3nslucjHzUDSM1f/1byqzwZwG/6ye3aCZ3UUkF3Q4WfF1nQQ9ET1HuhlpXZgQlfdq14f+4NbNMWpwORWVNfbt/pwQce/bQiBdibwOW2VQqh0OoAhcGHuJFExQ3LBaJzYtpG0ZDq7h0nJqnd1WBcCALTyiNsaHfm3YCMDMw7mxUBJPBahfVrveCYGkFUYrTlpVoUUhOotAnMKxFBfO/jZslzxWTdUnd3eScRcEmTA5LOhhDgY94WN+fEFa82kg4u1KxvjEA7XNPaBQw/cOEVn+iE82KuBw== cross@zenbook\nssh_pwauth: true\nchpasswd:\n  list: |\n     cross:rtlry\n  expire: False",
            "template": "#cloud-config\nhostname: crossland\nfqdn: cross.land\nusers:\n  - name: cross\n    sudo: ALL=(ALL) NOPASSWD:ALL\n    groups: users, admin\n    home: /home/cross\n    shell: /bin/bash\n    lock_passwd: false\n    ssh-authorized-keys:\n      - ssh-rsa AAAAB3NzaC1yc2EAAAADAQABAAACAQCysqqyHSVnKSoyqAI/HtLuaiE9Fcr8jmBJO+C9xinWfE7rOGdjTHjGntYVSZ12r9BaoTayKRS1aMisOdbLFDDU9D3+NZ+XvpLjWYhGJmwciKRetJcci/AzCIfPnDbF7nP38gytFzFtbnijn86eBtctPWM6+5Nar1C7GkqmIzToW02dAPlFjhPr9pV0XHUbfmLIap7f15M+1PsBszHd2mUaZuSS4sfML9WjxdzcG1CtuLaQ88UMK3+F5YATwrZWwgn4Qk0P+0HBljWeywjvc0ZkeLndxw67embK/nzDAUy+kHjBoiybaTC/zcGBJ9KlX5ui4zYo254ibLBMu/t0xf1GEZiWXs3fG6s1WHnviU+LIp24910fUXDnCnOzFJ2SRZA5PfVChFHTCB5+N3nslucjHzUDSM1f/1byqzwZwG/6ye3aCZ3UUkF3Q4WfF1nQQ9ET1HuhlpXZgQlfdq14f+4NbNMWpwORWVNfbt/pwQce/bQiBdibwOW2VQqh0OoAhcGHuJFExQ3LBaJzYtpG0ZDq7h0nJqnd1WBcCALTyiNsaHfm3YCMDMw7mxUBJPBahfVrveCYGkFUYrTlpVoUUhOotAnMKxFBfO/jZslzxWTdUnd3eScRcEmTA5LOhhDgY94WN+fEFa82kg4u1KxvjEA7XNPaBQw/cOEVn+iE82KuBw== cross@zenbook\nssh_pwauth: true\nchpasswd:\n  list: |\n     cross:rtlry\n  expire: False",
            "vars": null
          },
          "sensitive_attributes": [],
          "identity_schema_version": 0
        }
      ]
    },
    {
      "mode": "managed",
      "type": "libvirt_cloudinit_disk",
      "name": "commoninit",
      "provider": "provider[\"registry.terraform.io/dmacvicar/libvirt\"]",
      "instances": [
        {
          "schema_version": 0,
          "attributes": {
            "id": "/var/lib/libvirt/images/random1.iso;930261d6-a5a7-4730-9245-adf2fbd9aea8",
            "meta_data": "",
            "name": "random1.iso",
            "network_config": "version: 2\nethernets:\n  ens3:\n    dhcp4: true",
            "pool": "default",
            "user_data": "#cloud-config\nhostname: crossland\nfqdn: cross.land\nusers:\n  - name: cross\n    sudo: ALL=(ALL) NOPASSWD:ALL\n    groups: users, admin\n    home: /home/cross\n    shell: /bin/bash\n    lock_passwd: false\n    ssh-authorized-keys:\n      - ssh-rsa AAAAB3NzaC1yc2EAAAADAQABAAACAQCysqqyHSVnKSoyqAI/HtLuaiE9Fcr8jmBJO+C9xinWfE7rOGdjTHjGntYVSZ12r9BaoTayKRS1aMisOdbLFDDU9D3+NZ+XvpLjWYhGJmwciKRetJcci/AzCIfPnDbF7nP38gytFzFtbnijn86eBtctPWM6+5Nar1C7GkqmIzToW02dAPlFjhPr9pV0XHUbfmLIap7f15M+1PsBszHd2mUaZuSS4sfML9WjxdzcG1CtuLaQ88UMK3+F5YATwrZWwgn4Qk0P+0HBljWeywjvc0ZkeLndxw67embK/nzDAUy+kHjBoiybaTC/zcGBJ9KlX5ui4zYo254ibLBMu/t0xf1GEZiWXs3fG6s1WHnviU+LIp24910fUXDnCnOzFJ2SRZA5PfVChFHTCB5+N3nslucjHzUDSM1f/1byqzwZwG/6ye3aCZ3UUkF3Q4WfF1nQQ9ET1HuhlpXZgQlfdq14f+4NbNMWpwORWVNfbt/pwQce/bQiBdibwOW2VQqh0OoAhcGHuJFExQ3LBaJzYtpG0ZDq7h0nJqnd1WBcCALTyiNsaHfm3YCMDMw7mxUBJPBahfVrveCYGkFUYrTlpVoUUhOotAnMKxFBfO/jZslzxWTdUnd3eScRcEmTA5LOhhDgY94WN+fEFa82kg4u1KxvjEA7XNPaBQw/cOEVn+iE82KuBw== cross@zenbook\nssh_pwauth: true\nchpasswd:\n  list: |\n     cross:rtlry\n  expire: False"
          },
          "sensitive_attributes": [],
          "identity_schema_version": 0,
          "private": "bnVsbA==",
          "dependencies": [
            "data.template_file.network_config",
            "data.template_file.user_data"
          ]
        }
      ]
    },
    {
      "mode": "managed",
      "type": "libvirt_domain",
      "name": "domain",
      "provider": "provider[\"registry.terraform.io/dmacvicar/libvirt\"]",
      "instances": [
        {
          "schema_version": 0,
          "attributes": {
            "arch": "x86_64",
            "autostart": false,
            "boot_device": [],
            "cloudinit": "/var/lib/libvirt/images/random1.iso;930261d6-a5a7-4730-9245-adf2fbd9aea8",
            "cmdline": null,
            "console": [
              {
                "source_host": "127.0.0.1",
                "source_path": "",
                "source_service": "0",
                "target_port": "0",
                "target_type": "serial",
                "type": "pty"
              },
              {
                "source_host": "127.0.0.1",
                "source_path": "",
                "source_service": "0",
                "target_port": "1",
                "target_type": "virtio",
                "type": "pty"
              }
            ],
            "coreos_ignition": null,
            "cpu": [
              {
                "mode": "custom"
              }
            ],
            "description": "",
            "disk": [
              {
                "block_device": "",
                "file": "",
                "scsi": false,
                "url": "",
                "volume_id": "/var/lib/libvirt/images/ubuntu-volume.qcow2",
                "wwn": ""
              }
            ],
            "emulator": "/usr/bin/qemu-system-x86_64",
            "filesystem": [],
            "firmware": null,
            "fw_cfg_name": "opt/com.coreos/config",
            "graphics": [
              {
                "autoport": true,
                "listen_address": "127.0.0.1",
                "listen_type": "address",
                "type": "spice",
                "websocket": 0
              }
            ],
            "id": "f70f875d-a1f4-423a-9c3d-2206082323aa",
            "initrd": "",
            "kernel": "",
            "machine": "ubuntu",
            "memory": 1024,
            "metadata": null,
            "name": "prout-ubuntu1111",
            "network_interface": [
              {
                "addresses": [],
                "bridge": "",
                "hostname": "",
                "mac": "52:54:00:FA:E7:17",
                "macvtap": "",
                "network_id": "cd25c143-4cd6-4f3e-a516-630e0ba19ef6",
                "network_name": "default",
                "passthrough": "",
                "vepa": "",
                "wait_for_lease": false
              }
            ],
            "nvram": [],
            "qemu_agent": false,
            "running": true,
            "timeouts": null,
            "tpm": [],
            "vcpu": 2,
            "video": [],
            "xml": []
          },
          "sensitive_attributes": [],
          "identity_schema_version": 0,
          "private": "eyJlMmJmYjczMC1lY2FhLTExZTYtOGY4OC0zNDM2M2JjN2M0YzAiOnsiY3JlYXRlIjozMDAwMDAwMDAwMDB9fQ==",
          "dependencies": [
            "data.template_file.network_config",
            "data.template_file.user_data",
            "libvirt_cloudinit_disk.commoninit",
            "libvirt_volume.image"
          ]
        }
      ]
    },
    {
      "mode": "managed",
      "type": "libvirt_volume",
      "name": "disk",
      "provider": "provider[\"registry.terraform.io/dmacvicar/libvirt\"]",
      "instances": [
        {
          "schema_version": 0,
          "attributes": {
            "base_volume_id": "/var/lib/libvirt/images/ubuntu-volume.qcow2",
            "base_volume_name": null,
            "base_volume_pool": null,
            "format": "qcow2",
            "id": "/var/lib/libvirt/images/vm-disk-test",
            "name": "vm-disk-test",
            "pool": "default",
            "size": 10737418240,
            "source": null,
            "xml": []
          },
          "sensitive_attributes": [],
          "identity_schema_version": 0,
          "private": "bnVsbA==",
          "dependencies": [
            "libvirt_volume.image"
          ]
        }
      ]
    },
    {
      "mode": "managed",
      "type": "libvirt_volume",
      "name": "image",
      "provider": "provider[\"registry.terraform.io/dmacvicar/libvirt\"]",
      "instances": [
        {
          "schema_version": 0,
          "attributes": {
            "base_volume_id": null,
            "base_volume_name": null,
            "base_volume_pool": null,
            "format": "qcow2",
            "id": "/var/lib/libvirt/images/ubuntu-volume.qcow2",
            "name": "ubuntu-volume.qcow2",
            "pool": "default",
            "size": 3758096384,
            "source": "https://cloud-images.ubuntu.com/noble/current/noble-server-cloudimg-amd64.img",
            "xml": []
          },
          "sensitive_attributes": [],
          "identity_schema_version": 0,
          "private": "bnVsbA=="
        }
      ]
    }
  ],
  "check_results": null
}
